lockfileVersion: '9.0'

settings:
  autoInstallPeers: true
  excludeLinksFromLockfile: false

importers:

  .:
    devDependencies:
      '@eslint/js':
        specifier: ^10.0.1
        version: 10.0.1(eslint@10.5.0)
      '@types/node':
        specifier: ^26.0.1
        version: 26.0.1
      eslint:
        specifier: ^10.5.0
        version: 10.5.0
      globals:
        specifier: ^17.7.0
        version: 17.7.0
      typescript:
        specifier: ^5.5.0
        version: 5.9.3
      typescript-eslint:
        specifier: ^8.62.1
        version: 8.62.1(eslint@10.5.0)(typescript@5.9.3)

  packages/agent:
    dependencies:
      '@pkwiki/core':
        specifier: workspace:*
        version: link:../core

  packages/cli:
    dependencies:
      '@pkwiki/core':
        specifier: workspace:*
        version: link:../core
      '@pkwiki/git':
        specifier: workspace:*
        version: link:../git
      '@pkwiki/validator':
        specifier: workspace:*
        version: link:../validator

  packages/core: {}

  packages/git:
    dependencies:
      '@pkwiki/core':
        specifier: workspace:*
        version: link:../core

  packages/indexer:
    dependencies:
      '@pkwiki/core':
        specifier: workspace:*
        version: link:../core

  packages/mcp:
    dependencies:
      '@pkwiki/core':
        specifier: workspace:*
        version: link:../core

  packages/validator:
    dependencies:
      '@pkwiki/core':
        specifier: workspace:*
        version: link:../core
      yaml:
        specifier: ^2.6.1
        version: 2.9.0

  packages/web:
    dependencies:
      '@pkwiki/core':
        specifier: workspace:*
        version: link:../core

packages:

  '@eslint-community/eslint-utils@4.9.1':
    resolution: {integrity: sha1-TpCvZ7xR3e5s3vUoTt9XLsN2tZU=, tarball: http://r.npm.sankuai.com/@eslint-community/eslint-utils/download/@eslint-community/eslint-utils-4.9.1.tgz}
    engines: {node: ^12.22.0 || ^14.17.0 || >=16.0.0}
    peerDependencies:
      eslint: ^6.0.0 || ^7.0.0 || >=8.0.0

  '@eslint-community/regexpp@4.12.2':
    resolution: {integrity: sha1-vM32Fbz3tujbgw7AuNIcmiXeWXs=, tarball: http://r.npm.sankuai.com/@eslint-community/regexpp/download/@eslint-community/regexpp-4.12.2.tgz}
    engines: {node: ^12.0.0 || ^14.0.0 || >=16.0.0}

  '@eslint/config-array@0.23.5':
    resolution: {integrity: sha1-VuhtJDBJGV2KzAwGobPf3D+j3pU=, tarball: http://r.npm.sankuai.com/@eslint/config-array/download/@eslint/config-array-0.23.5.tgz}
    engines: {node: ^20.19.0 || ^22.13.0 || >=24}

  '@eslint/config-helpers@0.6.0':
    resolution: {integrity: sha1-75o2iB0539Xb6sIrDamX+r+wiwM=, tarball: http://r.npm.sankuai.com/@eslint/config-helpers/download/@eslint/config-helpers-0.6.0.tgz}
    engines: {node: ^20.19.0 || ^22.13.0 || >=24}

  '@eslint/core@1.2.1':
    resolution: {integrity: sha1-wdp80bgvqHh/mLVin7gRhIobY84=, tarball: http://r.npm.sankuai.com/@eslint/core/download/@eslint/core-1.2.1.tgz}
    engines: {node: ^20.19.0 || ^22.13.0 || >=24}

  '@eslint/js@10.0.1':
    resolution: {integrity: sha1-HoqHb1ARevirZ+R9WtlNONZiJYM=, tarball: http://r.npm.sankuai.com/@eslint/js/download/@eslint/js-10.0.1.tgz}
    engines: {node: ^20.19.0 || ^22.13.0 || >=24}
    peerDependencies:
      eslint: ^10.0.0
    peerDependenciesMeta:
      eslint:
        optional: true

  '@eslint/object-schema@3.0.5':
    resolution: {integrity: sha1-iOm/TRHSsZwILnjr586IckpesJE=, tarball: http://r.npm.sankuai.com/@eslint/object-schema/download/@eslint/object-schema-3.0.5.tgz}
    engines: {node: ^20.19.0 || ^22.13.0 || >=24}

  '@eslint/plugin-kit@0.7.2':
    resolution: {integrity: sha1-Swli8/LHzovJiz7P40UlwJ0styk=, tarball: http://r.npm.sankuai.com/@eslint/plugin-kit/download/@eslint/plugin-kit-0.7.2.tgz}
    engines: {node: ^20.19.0 || ^22.13.0 || >=24}

  '@humanfs/core@0.19.2':
    resolution: {integrity: sha1-qCcsoDsqz0kmcCIrIyC2xCG/3mA=, tarball: http://r.npm.sankuai.com/@humanfs/core/download/@humanfs/core-0.19.2.tgz}
    engines: {node: '>=18.18.0'}

  '@humanfs/node@0.16.8':
    resolution: {integrity: sha1-j4AMzME/T4zTEW4tnAqUk52j4+0=, tarball: http://r.npm.sankuai.com/@humanfs/node/download/@humanfs/node-0.16.8.tgz}
    engines: {node: '>=18.18.0'}

  '@humanfs/types@0.15.0':
    resolution: {integrity: sha1-8qCfYgEjkLK/8/xvskjd7IwJoJA=, tarball: http://r.npm.sankuai.com/@humanfs/types/download/@humanfs/types-0.15.0.tgz}
    engines: {node: '>=18.18.0'}

  '@humanwhocodes/module-importer@1.0.1':
    resolution: {integrity: sha1-r1smkaIrRL6EewyoFkHF+2rQFyw=, tarball: http://r.npm.sankuai.com/@humanwhocodes/module-importer/download/@humanwhocodes/module-importer-1.0.1.tgz}
    engines: {node: '>=12.22'}

  '@humanwhocodes/retry@0.4.3':
    resolution: {integrity: sha1-wrnS43TuYsWG062+qHGZsdenpro=, tarball: http://r.npm.sankuai.com/@humanwhocodes/retry/download/@humanwhocodes/retry-0.4.3.tgz}
    engines: {node: '>=18.18'}

  '@types/esrecurse@4.3.1':
    resolution: {integrity: sha1-b2Nq+WL75hkbgwvWdrpZhpJrzOw=, tarball: http://r.npm.sankuai.com/@types/esrecurse/download/@types/esrecurse-4.3.1.tgz}

  '@types/estree@1.0.9':
    resolution: {integrity: sha1-zz8Oh2177hWpOrkluCv1cKOQSiQ=, tarball: http://r.npm.sankuai.com/@types/estree/download/@types/estree-1.0.9.tgz}

  '@types/json-schema@7.0.15':
    resolution: {integrity: sha1-WWoXRyM2lNUPatinhp/Lb1bPWEE=, tarball: http://r.npm.sankuai.com/@types/json-schema/download/@types/json-schema-7.0.15.tgz}

  '@types/node@26.0.1':
    resolution: {integrity: sha1-SmDix6bWi9Jh4mX4mDv+FgEmPOM=, tarball: http://r.npm.sankuai.com/@types/node/download/@types/node-26.0.1.tgz}

  '@typescript-eslint/eslint-plugin@8.62.1':
    resolution: {integrity: sha1-Fzbc3KbK4zWdgYRWpH0YtnR2H38=, tarball: http://r.npm.sankuai.com/@typescript-eslint/eslint-plugin/download/@typescript-eslint/eslint-plugin-8.62.1.tgz}
    engines: {node: ^18.18.0 || ^20.9.0 || >=21.1.0}
    peerDependencies:
      '@typescript-eslint/parser': ^8.62.1
      eslint: ^8.57.0 || ^9.0.0 || ^10.0.0
      typescript: '>=4.8.4 <6.1.0'

  '@typescript-eslint/parser@8.62.1':
    resolution: {integrity: sha1-0/e6GPG/eL+3JW/qAh0ZJ7SOcIA=, tarball: http://r.npm.sankuai.com/@typescript-eslint/parser/download/@typescript-eslint/parser-8.62.1.tgz}
    engines: {node: ^18.18.0 || ^20.9.0 || >=21.1.0}
    peerDependencies:
      eslint: ^8.57.0 || ^9.0.0 || ^10.0.0
      typescript: '>=4.8.4 <6.1.0'

  '@typescript-eslint/project-service@8.62.1':
    resolution: {integrity: sha1-eNiA6xz2hZtewmPQT5VAPp+Qrkc=, tarball: http://r.npm.sankuai.com/@typescript-eslint/project-service/download/@typescript-eslint/project-service-8.62.1.tgz}
    engines: {node: ^18.18.0 || ^20.9.0 || >=21.1.0}
    peerDependencies:
      typescript: '>=4.8.4 <6.1.0'

  '@typescript-eslint/scope-manager@8.62.1':
    resolution: {integrity: sha1-fuZemm6zzNxIFlk6T/OIQDBt6Io=, tarball: http://r.npm.sankuai.com/@typescript-eslint/scope-manager/download/@typescript-eslint/scope-manager-8.62.1.tgz}
    engines: {node: ^18.18.0 || ^20.9.0 || >=21.1.0}

  '@typescript-eslint/tsconfig-utils@8.62.1':
    resolution: {integrity: sha1-4rXyT+chBEGJy36BEXyW11l51ic=, tarball: http://r.npm.sankuai.com/@typescript-eslint/tsconfig-utils/download/@typescript-eslint/tsconfig-utils-8.62.1.tgz}
    engines: {node: ^18.18.0 || ^20.9.0 || >=21.1.0}
    peerDependencies:
      typescript: '>=4.8.4 <6.1.0'

  '@typescript-eslint/type-utils@8.62.1':
    resolution: {integrity: sha1-69MLE7rLEwcJFyWaIzCc9kQSH5o=, tarball: http://r.npm.sankuai.com/@typescript-eslint/type-utils/download/@typescript-eslint/type-utils-8.62.1.tgz}
    engines: {node: ^18.18.0 || ^20.9.0 || >=21.1.0}
    peerDependencies:
      eslint: ^8.57.0 || ^9.0.0 || ^10.0.0
      typescript: '>=4.8.4 <6.1.0'

  '@typescript-eslint/types@8.62.1':
    resolution: {integrity: sha1-xYvpVOSDsvyYJ1N01by0C5mELcE=, tarball: http://r.npm.sankuai.com/@typescript-eslint/types/download/@typescript-eslint/types-8.62.1.tgz}
    engines: {node: ^18.18.0 || ^20.9.0 || >=21.1.0}

  '@typescript-eslint/typescript-estree@8.62.1':
    resolution: {integrity: sha1-mMG7F2NdWwJrJBk6jSkYisZDgP8=, tarball: http://r.npm.sankuai.com/@typescript-eslint/typescript-estree/download/@typescript-eslint/typescript-estree-8.62.1.tgz}
    engines: {node: ^18.18.0 || ^20.9.0 || >=21.1.0}
    peerDependencies:
      typescript: '>=4.8.4 <6.1.0'

  '@typescript-eslint/utils@8.62.1':
    resolution: {integrity: sha1-FiK3XH5t8wgYHdC0SFXcQijaBFc=, tarball: http://r.npm.sankuai.com/@typescript-eslint/utils/download/@typescript-eslint/utils-8.62.1.tgz}
    engines: {node: ^18.18.0 || ^20.9.0 || >=21.1.0}
    peerDependencies:
      eslint: ^8.57.0 || ^9.0.0 || ^10.0.0
      typescript: '>=4.8.4 <6.1.0'

  '@typescript-eslint/visitor-keys@8.62.1':
    resolution: {integrity: sha1-SZZX13/6+4qZ6x1sl4R8pDAjRyI=, tarball: http://r.npm.sankuai.com/@typescript-eslint/visitor-keys/download/@typescript-eslint/visitor-keys-8.62.1.tgz}
    engines: {node: ^18.18.0 || ^20.9.0 || >=21.1.0}

  acorn-jsx@5.3.2:
    resolution: {integrity: sha1-ftW7VZCLOy8bxVxq8WU7rafweTc=, tarball: http://r.npm.sankuai.com/acorn-jsx/download/acorn-jsx-5.3.2.tgz}
    peerDependencies:
      acorn: ^6.0.0 || ^7.0.0 || ^8.0.0

  acorn@8.17.0:
    resolution: {integrity: sha1-F4WtuE+vjYrdEDabk4Jvwr0I8f4=, tarball: http://r.npm.sankuai.com/acorn/download/acorn-8.17.0.tgz}
    engines: {node: '>=0.4.0'}
    hasBin: true

  ajv@6.15.0:
    resolution: {integrity: sha1-B+mCx0YmFnqnoklcU4F4ktcTlJI=, tarball: http://r.npm.sankuai.com/ajv/download/ajv-6.15.0.tgz}

  balanced-match@4.0.4:
    resolution: {integrity: sha1-v7EGYv7tgZaixi58aOF3IMJ0F5o=, tarball: http://r.npm.sankuai.com/balanced-match/download/balanced-match-4.0.4.tgz}
    engines: {node: 18 || 20 || >=22}

  brace-expansion@5.0.7:
    resolution: {integrity: sha1-Gw5GlltHna1lr3N7SgJ5CgVJgzc=, tarball: http://r.npm.sankuai.com/brace-expansion/download/brace-expansion-5.0.7.tgz}
    engines: {node: 18 || 20 || >=22}

  cross-spawn@7.0.6:
    resolution: {integrity: sha1-ilj+ePANzXDDcEUXWd+/rwPo7p8=, tarball: http://r.npm.sankuai.com/cross-spawn/download/cross-spawn-7.0.6.tgz}
    engines: {node: '>= 8'}

  debug@4.4.3:
    resolution: {integrity: sha1-xq5DLZvZZiWC/OCHCbA4xY6ePWo=, tarball: http://r.npm.sankuai.com/debug/download/debug-4.4.3.tgz}
    engines: {node: '>=6.0'}
    peerDependencies:
      supports-color: '*'
    peerDependenciesMeta:
      supports-color:
        optional: true

  deep-is@0.1.4:
    resolution: {integrity: sha1-pvLc5hL63S7x9Rm3NVHxfoUZmDE=, tarball: http://r.npm.sankuai.com/deep-is/download/deep-is-0.1.4.tgz}

  escape-string-regexp@4.0.0:
    resolution: {integrity: sha1-FLqDpdNz49MR5a/KKc9b+tllvzQ=, tarball: http://r.npm.sankuai.com/escape-string-regexp/download/escape-string-regexp-4.0.0.tgz}
    engines: {node: '>=10'}

  eslint-scope@9.1.2:
    resolution: {integrity: sha1-ud5qzi+rHP8k0uWNhbdMj86jmAI=, tarball: http://r.npm.sankuai.com/eslint-scope/download/eslint-scope-9.1.2.tgz}
    engines: {node: ^20.19.0 || ^22.13.0 || >=24}

  eslint-visitor-keys@3.4.3:
    resolution: {integrity: sha1-DNcv6FUOPC6uFWqWpN3c0cisWAA=, tarball: http://r.npm.sankuai.com/eslint-visitor-keys/download/eslint-visitor-keys-3.4.3.tgz}
    engines: {node: ^12.22.0 || ^14.17.0 || >=16.0.0}

  eslint-visitor-keys@5.0.1:
    resolution: {integrity: sha1-njyUiWl4JNLUzjqK0SYo+R6fWb4=, tarball: http://r.npm.sankuai.com/eslint-visitor-keys/download/eslint-visitor-keys-5.0.1.tgz}
    engines: {node: ^20.19.0 || ^22.13.0 || >=24}

  eslint@10.5.0:
    resolution: {integrity: sha1-X8pp1rQf5+ALoi1BALLkTv5DmtU=, tarball: http://r.npm.sankuai.com/eslint/download/eslint-10.5.0.tgz}
    engines: {node: ^20.19.0 || ^22.13.0 || >=24}
    hasBin: true
    peerDependencies:
      jiti: '*'
    peerDependenciesMeta:
      jiti:
        optional: true

  espree@11.2.0:
    resolution: {integrity: sha1-AdXkfcMyqrowWQCDYkVKjMNMyqU=, tarball: http://r.npm.sankuai.com/espree/download/espree-11.2.0.tgz}
    engines: {node: ^20.19.0 || ^22.13.0 || >=24}

  esquery@1.7.0:
    resolution: {integrity: sha1-CNBI8mHw3e21uulfRoCUY9nJSW0=, tarball: http://r.npm.sankuai.com/esquery/download/esquery-1.7.0.tgz}
    engines: {node: '>=0.10'}

  esrecurse@4.3.0:
    resolution: {integrity: sha1-eteWTWeauyi+5yzsY3WLHF0smSE=, tarball: http://r.npm.sankuai.com/esrecurse/download/esrecurse-4.3.0.tgz}
    engines: {node: '>=4.0'}

  estraverse@5.3.0:
    resolution: {integrity: sha1-LupSkHAvJquP5TcDcP+GyWXSESM=, tarball: http://r.npm.sankuai.com/estraverse/download/estraverse-5.3.0.tgz}
    engines: {node: '>=4.0'}

  esutils@2.0.3:
    resolution: {integrity: sha1-dNLrTeC42hKTcRkQ1Qd1ubcQ72Q=, tarball: http://r.npm.sankuai.com/esutils/download/esutils-2.0.3.tgz}
    engines: {node: '>=0.10.0'}

  fast-deep-equal@3.1.3:
    resolution: {integrity: sha1-On1WtVnWy8PrUSMlJE5hmmXGxSU=, tarball: http://r.npm.sankuai.com/fast-deep-equal/download/fast-deep-equal-3.1.3.tgz}

  fast-json-stable-stringify@2.1.0:
    resolution: {integrity: sha1-h0v2nG9ATCtdmcSBNBOZ/VWJJjM=, tarball: http://r.npm.sankuai.com/fast-json-stable-stringify/download/fast-json-stable-stringify-2.1.0.tgz}

  fast-levenshtein@2.0.6:
    resolution: {integrity: sha1-PYpcZog6FqMMqGQ+hR8Zuqd5eRc=, tarball: http://r.npm.sankuai.com/fast-levenshtein/download/fast-levenshtein-2.0.6.tgz}

  fdir@6.5.0:
    resolution: {integrity: sha1-7Sq5Z6MxreYvGNB32uGSaE1Q01A=, tarball: http://r.npm.sankuai.com/fdir/download/fdir-6.5.0.tgz}
    engines: {node: '>=12.0.0'}
    peerDependencies:
      picomatch: ^3 || ^4
    peerDependenciesMeta:
      picomatch:
        optional: true

  file-entry-cache@8.0.0:
    resolution: {integrity: sha1-d4e93PETG/+5JjbGlFe7wO3W2B8=, tarball: http://r.npm.sankuai.com/file-entry-cache/download/file-entry-cache-8.0.0.tgz}
    engines: {node: '>=16.0.0'}

  find-up@5.0.0:
    resolution: {integrity: sha1-TJKBnstwg1YeT0okCoa+UZj1Nvw=, tarball: http://r.npm.sankuai.com/find-up/download/find-up-5.0.0.tgz}
    engines: {node: '>=10'}

  flat-cache@4.0.1:
    resolution: {integrity: sha1-Ds45/LFO4BL0sEEL0z3ZwfAREnw=, tarball: http://r.npm.sankuai.com/flat-cache/download/flat-cache-4.0.1.tgz}
    engines: {node: '>=16'}

  flatted@3.4.2:
    resolution: {integrity: sha1-9cI8EH8PN96NvfJPE3IrO5jVJyY=, tarball: http://r.npm.sankuai.com/flatted/download/flatted-3.4.2.tgz}

  glob-parent@6.0.2:
    resolution: {integrity: sha1-bSN9mQg5UMeSkPJMdkKj3poo+eM=, tarball: http://r.npm.sankuai.com/glob-parent/download/glob-parent-6.0.2.tgz}
    engines: {node: '>=10.13.0'}

  globals@17.7.0:
    resolution: {integrity: sha1-VT1VCQtN3oIJ7C2kJYDW5+fYsQ0=, tarball: http://r.npm.sankuai.com/globals/download/globals-17.7.0.tgz}
    engines: {node: '>=18'}

  ignore@5.3.2:
    resolution: {integrity: sha1-PNQOcp82Q/2HywTlC/DrcivFlvU=, tarball: http://r.npm.sankuai.com/ignore/download/ignore-5.3.2.tgz}
    engines: {node: '>= 4'}

  ignore@7.0.5:
    resolution: {integrity: sha1-TLX2zX1MerA2VzjHrqiIuqbX79k=, tarball: http://r.npm.sankuai.com/ignore/download/ignore-7.0.5.tgz}
    engines: {node: '>= 4'}

  imurmurhash@0.1.4:
    resolution: {integrity: sha1-khi5srkoojixPcT7a21XbyMUU+o=, tarball: http://r.npm.sankuai.com/imurmurhash/download/imurmurhash-0.1.4.tgz}
    engines: {node: '>=0.8.19'}

  is-extglob@2.1.1:
    resolution: {integrity: sha1-qIwCU1eR8C7TfHahueqXc8gz+MI=, tarball: http://r.npm.sankuai.com/is-extglob/download/is-extglob-2.1.1.tgz}
    engines: {node: '>=0.10.0'}

  is-glob@4.0.3:
    resolution: {integrity: sha1-ZPYeQsu7LuwgcanawLKLoeZdUIQ=, tarball: http://r.npm.sankuai.com/is-glob/download/is-glob-4.0.3.tgz}
    engines: {node: '>=0.10.0'}

  isexe@2.0.0:
    resolution: {integrity: sha1-6PvzdNxVb/iUehDcsFctYz8s+hA=, tarball: http://r.npm.sankuai.com/isexe/download/isexe-2.0.0.tgz}

  json-buffer@3.0.1:
    resolution: {integrity: sha1-kziAKjDTtmBfvgYT4JQAjKjAWhM=, tarball: http://r.npm.sankuai.com/json-buffer/download/json-buffer-3.0.1.tgz}

  json-schema-traverse@0.4.1:
    resolution: {integrity: sha1-afaofZUTq4u4/mO9sJecRI5oRmA=, tarball: http://r.npm.sankuai.com/json-schema-traverse/download/json-schema-traverse-0.4.1.tgz}

  json-stable-stringify-without-jsonify@1.0.1:
    resolution: {integrity: sha1-nbe1lJatPzz+8wp1FC0tkwrXJlE=, tarball: http://r.npm.sankuai.com/json-stable-stringify-without-jsonify/download/json-stable-stringify-without-jsonify-1.0.1.tgz}

  keyv@4.5.4:
    resolution: {integrity: sha1-qHmpnilFL5QkOfKkBeOvizHU3pM=, tarball: http://r.npm.sankuai.com/keyv/download/keyv-4.5.4.tgz}

  levn@0.4.1:
    resolution: {integrity: sha1-rkViwAdHO5MqYgDUAyaN0v/8at4=, tarball: http://r.npm.sankuai.com/levn/download/levn-0.4.1.tgz}
    engines: {node: '>= 0.8.0'}

  locate-path@6.0.0:
    resolution: {integrity: sha1-VTIeswn+u8WcSAHZMackUqaB0oY=, tarball: http://r.npm.sankuai.com/locate-path/download/locate-path-6.0.0.tgz}
    engines: {node: '>=10'}

  minimatch@10.2.5:
    resolution: {integrity: sha1-vUhoegvjjtKWE5kQVgD4MglYYdE=, tarball: http://r.npm.sankuai.com/minimatch/download/minimatch-10.2.5.tgz}
    engines: {node: 18 || 20 || >=22}

  ms@2.1.3:
    resolution: {integrity: sha1-V0yBOM4dK1hh8LRFedut1gxmFbI=, tarball: http://r.npm.sankuai.com/ms/download/ms-2.1.3.tgz}

  natural-compare@1.4.0:
    resolution: {integrity: sha1-Sr6/7tdUHywnrPspvbvRXI1bpPc=, tarball: http://r.npm.sankuai.com/natural-compare/download/natural-compare-1.4.0.tgz}

  optionator@0.9.4:
    resolution: {integrity: sha1-fqHBpdkddk+yghOciP4R4YKjpzQ=, tarball: http://r.npm.sankuai.com/optionator/download/optionator-0.9.4.tgz}
    engines: {node: '>= 0.8.0'}

  p-limit@3.1.0:
    resolution: {integrity: sha1-4drMvnjQ0TiMoYxk/qOOPlfjcGs=, tarball: http://r.npm.sankuai.com/p-limit/download/p-limit-3.1.0.tgz}
    engines: {node: '>=10'}

  p-locate@5.0.0:
    resolution: {integrity: sha1-g8gxXGeFAF470CGDlBHJ4RDm2DQ=, tarball: http://r.npm.sankuai.com/p-locate/download/p-locate-5.0.0.tgz}
    engines: {node: '>=10'}

  path-exists@4.0.0:
    resolution: {integrity: sha1-UTvb4tO5XXdi6METfvoZXGxhtbM=, tarball: http://r.npm.sankuai.com/path-exists/download/path-exists-4.0.0.tgz}
    engines: {node: '>=8'}

  path-key@3.1.1:
    resolution: {integrity: sha1-WB9q3mWMu6ZaDTOA3ndTKVBU83U=, tarball: http://r.npm.sankuai.com/path-key/download/path-key-3.1.1.tgz}
    engines: {node: '>=8'}

  picomatch@4.0.4:
    resolution: {integrity: sha1-/W9eAKFDCG4HTf/kySS4+yk7BYk=, tarball: http://r.npm.sankuai.com/picomatch/download/picomatch-4.0.4.tgz}
    engines: {node: '>=12'}

  prelude-ls@1.2.1:
    resolution: {integrity: sha1-3rxkidem5rDnYRiIzsiAM30xY5Y=, tarball: http://r.npm.sankuai.com/prelude-ls/download/prelude-ls-1.2.1.tgz}
    engines: {node: '>= 0.8.0'}

  punycode@2.3.1:
    resolution: {integrity: sha1-AnQi4vrsCyXhVJw+G9gwm5EztuU=, tarball: http://r.npm.sankuai.com/punycode/download/punycode-2.3.1.tgz}
    engines: {node: '>=6'}

  semver@7.8.5:
    resolution: {integrity: sha1-ObZGA33VDBT7RR5+TKxY7YuGP2k=, tarball: http://r.npm.sankuai.com/semver/download/semver-7.8.5.tgz}
    engines: {node: '>=10'}
    hasBin: true

  shebang-command@2.0.0:
    resolution: {integrity: sha1-zNCvT4g1+9wmW4JGGq8MNmY/NOo=, tarball: http://r.npm.sankuai.com/shebang-command/download/shebang-command-2.0.0.tgz}
    engines: {node: '>=8'}

  shebang-regex@3.0.0:
    resolution: {integrity: sha1-rhbxZE2HPsrYQ7AwexQzYtTEIXI=, tarball: http://r.npm.sankuai.com/shebang-regex/download/shebang-regex-3.0.0.tgz}
    engines: {node: '>=8'}

  tinyglobby@0.2.17:
    resolution: {integrity: sha1-ViqabJ6ys7Ej05cZ+a9btE/NdjE=, tarball: http://r.npm.sankuai.com/tinyglobby/download/tinyglobby-0.2.17.tgz}
    engines: {node: '>=12.0.0'}

  ts-api-utils@2.5.0:
    resolution: {integrity: sha1-Ss1KFV4ic0mQpe0f6el/ETvLN8E=, tarball: http://r.npm.sankuai.com/ts-api-utils/download/ts-api-utils-2.5.0.tgz}
    engines: {node: '>=18.12'}
    peerDependencies:
      typescript: '>=4.8.4'

  type-check@0.4.0:
    resolution: {integrity: sha1-B7ggO/pwVsBlcFDjzNLDdzC6uPE=, tarball: http://r.npm.sankuai.com/type-check/download/type-check-0.4.0.tgz}
    engines: {node: '>= 0.8.0'}

  typescript-eslint@8.62.1:
    resolution: {integrity: sha1-65P9lNUnqgTsW4RPsLStphPMfT8=, tarball: http://r.npm.sankuai.com/typescript-eslint/download/typescript-eslint-8.62.1.tgz}
    engines: {node: ^18.18.0 || ^20.9.0 || >=21.1.0}
    peerDependencies:
      eslint: ^8.57.0 || ^9.0.0 || ^10.0.0
      typescript: '>=4.8.4 <6.1.0'

  typescript@5.9.3:
    resolution: {integrity: sha1-W09Z4VMQqxeiFvXWz1PuR27eZw8=, tarball: http://r.npm.sankuai.com/typescript/download/typescript-5.9.3.tgz}
    engines: {node: '>=14.17'}
    hasBin: true

  undici-types@8.3.0:
    resolution: {integrity: sha1-ROn8nzJEZIzeo15Pm7LWgelBCAk=, tarball: http://r.npm.sankuai.com/undici-types/download/undici-types-8.3.0.tgz}

  uri-js@4.4.1:
    resolution: {integrity: sha1-mxpSWVIlhZ5V9mnZKPiMbFfyp34=, tarball: http://r.npm.sankuai.com/uri-js/download/uri-js-4.4.1.tgz}

  which@2.0.2:
    resolution: {integrity: sha1-fGqN0KY2oDJ+ELWckobu6T8/UbE=, tarball: http://r.npm.sankuai.com/which/download/which-2.0.2.tgz}
    engines: {node: '>= 8'}
    hasBin: true

  word-wrap@1.2.5:
    resolution: {integrity: sha1-0sRcbdT7zmIaZvE2y+Mor9BBCzQ=, tarball: http://r.npm.sankuai.com/word-wrap/download/word-wrap-1.2.5.tgz}
    engines: {node: '>=0.10.0'}

  yaml@2.9.0:
    resolution: {integrity: sha1-eCdK/ZNZih391hMN9qVm3vy/mqQ=, tarball: http://r.npm.sankuai.com/yaml/download/yaml-2.9.0.tgz}
    engines: {node: '>= 14.6'}
    hasBin: true

  yocto-queue@0.1.0:
    resolution: {integrity: sha1-ApTrPe4FAo0x7hpfosVWpqrxChs=, tarball: http://r.npm.sankuai.com/yocto-queue/download/yocto-queue-0.1.0.tgz}
    engines: {node: '>=10'}

snapshots:

  '@eslint-community/eslint-utils@4.9.1(eslint@10.5.0)':
    dependencies:
      eslint: 10.5.0
      eslint-visitor-keys: 3.4.3

  '@eslint-community/regexpp@4.12.2': {}

  '@eslint/config-array@0.23.5':
    dependencies:
      '@eslint/object-schema': 3.0.5
      debug: 4.4.3
      minimatch: 10.2.5
    transitivePeerDependencies:
      - supports-color

  '@eslint/config-helpers@0.6.0':
    dependencies:
      '@eslint/core': 1.2.1

  '@eslint/core@1.2.1':
    dependencies:
      '@types/json-schema': 7.0.15

  '@eslint/js@10.0.1(eslint@10.5.0)':
    optionalDependencies:
      eslint: 10.5.0

  '@eslint/object-schema@3.0.5': {}

  '@eslint/plugin-kit@0.7.2':
    dependencies:
      '@eslint/core': 1.2.1
      levn: 0.4.1

  '@humanfs/core@0.19.2':
    dependencies:
      '@humanfs/types': 0.15.0

  '@humanfs/node@0.16.8':
    dependencies:
      '@humanfs/core': 0.19.2
      '@humanfs/types': 0.15.0
      '@humanwhocodes/retry': 0.4.3

  '@humanfs/types@0.15.0': {}

  '@humanwhocodes/module-importer@1.0.1': {}

  '@humanwhocodes/retry@0.4.3': {}

  '@types/esrecurse@4.3.1': {}

  '@types/estree@1.0.9': {}

  '@types/json-schema@7.0.15': {}

  '@types/node@26.0.1':
    dependencies:
      undici-types: 8.3.0

  '@typescript-eslint/eslint-plugin@8.62.1(@typescript-eslint/parser@8.62.1(eslint@10.5.0)(typescript@5.9.3))(eslint@10.5.0)(typescript@5.9.3)':
    dependencies:
      '@eslint-community/regexpp': 4.12.2
      '@typescript-eslint/parser': 8.62.1(eslint@10.5.0)(typescript@5.9.3)
      '@typescript-eslint/scope-manager': 8.62.1
      '@typescript-eslint/type-utils': 8.62.1(eslint@10.5.0)(typescript@5.9.3)
      '@typescript-eslint/utils': 8.62.1(eslint@10.5.0)(typescript@5.9.3)
      '@typescript-eslint/visitor-keys': 8.62.1
      eslint: 10.5.0
      ignore: 7.0.5
      natural-compare: 1.4.0
      ts-api-utils: 2.5.0(typescript@5.9.3)
      typescript: 5.9.3
    transitivePeerDependencies:
      - supports-color

  '@typescript-eslint/parser@8.62.1(eslint@10.5.0)(typescript@5.9.3)':
    dependencies:
      '@typescript-eslint/scope-manager': 8.62.1
      '@typescript-eslint/types': 8.62.1
      '@typescript-eslint/typescript-estree': 8.62.1(typescript@5.9.3)
      '@typescript-eslint/visitor-keys': 8.62.1
      debug: 4.4.3
      eslint: 10.5.0
      typescript: 5.9.3
    transitivePeerDependencies:
      - supports-color

  '@typescript-eslint/project-service@8.62.1(typescript@5.9.3)':
    dependencies:
      '@typescript-eslint/tsconfig-utils': 8.62.1(typescript@5.9.3)
      '@typescript-eslint/types': 8.62.1
      debug: 4.4.3
      typescript: 5.9.3
    transitivePeerDependencies:
      - supports-color

  '@typescript-eslint/scope-manager@8.62.1':
    dependencies:
      '@typescript-eslint/types': 8.62.1
      '@typescript-eslint/visitor-keys': 8.62.1

  '@typescript-eslint/tsconfig-utils@8.62.1(typescript@5.9.3)':
    dependencies:
      typescript: 5.9.3

  '@typescript-eslint/type-utils@8.62.1(eslint@10.5.0)(typescript@5.9.3)':
    dependencies:
      '@typescript-eslint/types': 8.62.1
      '@typescript-eslint/typescript-estree': 8.62.1(typescript@5.9.3)
      '@typescript-eslint/utils': 8.62.1(eslint@10.5.0)(typescript@5.9.3)
      debug: 4.4.3
      eslint: 10.5.0
      ts-api-utils: 2.5.0(typescript@5.9.3)
      typescript: 5.9.3
    transitivePeerDependencies:
      - supports-color

  '@typescript-eslint/types@8.62.1': {}

  '@typescript-eslint/typescript-estree@8.62.1(typescript@5.9.3)':
    dependencies:
      '@typescript-eslint/project-service': 8.62.1(typescript@5.9.3)
      '@typescript-eslint/tsconfig-utils': 8.62.1(typescript@5.9.3)
      '@typescript-eslint/types': 8.62.1
      '@typescript-eslint/visitor-keys': 8.62.1
      debug: 4.4.3
      minimatch: 10.2.5
      semver: 7.8.5
      tinyglobby: 0.2.17
      ts-api-utils: 2.5.0(typescript@5.9.3)
      typescript: 5.9.3
    transitivePeerDependencies:
      - supports-color

  '@typescript-eslint/utils@8.62.1(eslint@10.5.0)(typescript@5.9.3)':
    dependencies:
      '@eslint-community/eslint-utils': 4.9.1(eslint@10.5.0)
      '@typescript-eslint/scope-manager': 8.62.1
      '@typescript-eslint/types': 8.62.1
      '@typescript-eslint/typescript-estree': 8.62.1(typescript@5.9.3)
      eslint: 10.5.0
      typescript: 5.9.3
    transitivePeerDependencies:
      - supports-color

  '@typescript-eslint/visitor-keys@8.62.1':
    dependencies:
      '@typescript-eslint/types': 8.62.1
      eslint-visitor-keys: 5.0.1

  acorn-jsx@5.3.2(acorn@8.17.0):
    dependencies:
      acorn: 8.17.0

  acorn@8.17.0: {}

  ajv@6.15.0:
    dependencies:
      fast-deep-equal: 3.1.3
      fast-json-stable-stringify: 2.1.0
      json-schema-traverse: 0.4.1
      uri-js: 4.4.1

  balanced-match@4.0.4: {}

  brace-expansion@5.0.7:
    dependencies:
      balanced-match: 4.0.4

  cross-spawn@7.0.6:
    dependencies:
      path-key: 3.1.1
      shebang-command: 2.0.0
      which: 2.0.2

  debug@4.4.3:
    dependencies:
      ms: 2.1.3

  deep-is@0.1.4: {}

  escape-string-regexp@4.0.0: {}

  eslint-scope@9.1.2:
    dependencies:
      '@types/esrecurse': 4.3.1
      '@types/estree': 1.0.9
      esrecurse: 4.3.0
      estraverse: 5.3.0

  eslint-visitor-keys@3.4.3: {}

  eslint-visitor-keys@5.0.1: {}

  eslint@10.5.0:
    dependencies:
      '@eslint-community/eslint-utils': 4.9.1(eslint@10.5.0)
      '@eslint-community/regexpp': 4.12.2
      '@eslint/config-array': 0.23.5
      '@eslint/config-helpers': 0.6.0
      '@eslint/core': 1.2.1
      '@eslint/plugin-kit': 0.7.2
      '@humanfs/node': 0.16.8
      '@humanwhocodes/module-importer': 1.0.1
      '@humanwhocodes/retry': 0.4.3
      '@types/estree': 1.0.9
      ajv: 6.15.0
      cross-spawn: 7.0.6
      debug: 4.4.3
      escape-string-regexp: 4.0.0
      eslint-scope: 9.1.2
      eslint-visitor-keys: 5.0.1
      espree: 11.2.0
      esquery: 1.7.0
      esutils: 2.0.3
      fast-deep-equal: 3.1.3
      file-entry-cache: 8.0.0
      find-up: 5.0.0
      glob-parent: 6.0.2
      ignore: 5.3.2
      imurmurhash: 0.1.4
      is-glob: 4.0.3
      json-stable-stringify-without-jsonify: 1.0.1
      minimatch: 10.2.5
      natural-compare: 1.4.0
      optionator: 0.9.4
    transitivePeerDependencies:
      - supports-color

  espree@11.2.0:
    dependencies:
      acorn: 8.17.0
      acorn-jsx: 5.3.2(acorn@8.17.0)
      eslint-visitor-keys: 5.0.1

  esquery@1.7.0:
    dependencies:
      estraverse: 5.3.0

  esrecurse@4.3.0:
    dependencies:
      estraverse: 5.3.0

  estraverse@5.3.0: {}

  esutils@2.0.3: {}

  fast-deep-equal@3.1.3: {}

  fast-json-stable-stringify@2.1.0: {}

  fast-levenshtein@2.0.6: {}

  fdir@6.5.0(picomatch@4.0.4):
    optionalDependencies:
      picomatch: 4.0.4

  file-entry-cache@8.0.0:
    dependencies:
      flat-cache: 4.0.1

  find-up@5.0.0:
    dependencies:
      locate-path: 6.0.0
      path-exists: 4.0.0

  flat-cache@4.0.1:
    dependencies:
      flatted: 3.4.2
      keyv: 4.5.4

  flatted@3.4.2: {}

  glob-parent@6.0.2:
    dependencies:
      is-glob: 4.0.3

  globals@17.7.0: {}

  ignore@5.3.2: {}

  ignore@7.0.5: {}

  imurmurhash@0.1.4: {}

  is-extglob@2.1.1: {}

  is-glob@4.0.3:
    dependencies:
      is-extglob: 2.1.1

  isexe@2.0.0: {}

  json-buffer@3.0.1: {}

  json-schema-traverse@0.4.1: {}

  json-stable-stringify-without-jsonify@1.0.1: {}

  keyv@4.5.4:
    dependencies:
      json-buffer: 3.0.1

  levn@0.4.1:
    dependencies:
      prelude-ls: 1.2.1
      type-check: 0.4.0

  locate-path@6.0.0:
    dependencies:
      p-locate: 5.0.0

  minimatch@10.2.5:
    dependencies:
      brace-expansion: 5.0.7

  ms@2.1.3: {}

  natural-compare@1.4.0: {}

  optionator@0.9.4:
    dependencies:
      deep-is: 0.1.4
      fast-levenshtein: 2.0.6
      levn: 0.4.1
      prelude-ls: 1.2.1
      type-check: 0.4.0
      word-wrap: 1.2.5

  p-limit@3.1.0:
    dependencies:
      yocto-queue: 0.1.0

  p-locate@5.0.0:
    dependencies:
      p-limit: 3.1.0

  path-exists@4.0.0: {}

  path-key@3.1.1: {}

  picomatch@4.0.4: {}

  prelude-ls@1.2.1: {}

  punycode@2.3.1: {}

  semver@7.8.5: {}

  shebang-command@2.0.0:
    dependencies:
      shebang-regex: 3.0.0

  shebang-regex@3.0.0: {}

  tinyglobby@0.2.17:
    dependencies:
      fdir: 6.5.0(picomatch@4.0.4)
      picomatch: 4.0.4

  ts-api-utils@2.5.0(typescript@5.9.3):
    dependencies:
      typescript: 5.9.3

  type-check@0.4.0:
    dependencies:
      prelude-ls: 1.2.1

  typescript-eslint@8.62.1(eslint@10.5.0)(typescript@5.9.3):
    dependencies:
      '@typescript-eslint/eslint-plugin': 8.62.1(@typescript-eslint/parser@8.62.1(eslint@10.5.0)(typescript@5.9.3))(eslint@10.5.0)(typescript@5.9.3)
      '@typescript-eslint/parser': 8.62.1(eslint@10.5.0)(typescript@5.9.3)
      '@typescript-eslint/typescript-estree': 8.62.1(typescript@5.9.3)
      '@typescript-eslint/utils': 8.62.1(eslint@10.5.0)(typescript@5.9.3)
      eslint: 10.5.0
      typescript: 5.9.3
    transitivePeerDependencies:
      - supports-color

  typescript@5.9.3: {}

  undici-types@8.3.0: {}

  uri-js@4.4.1:
    dependencies:
      punycode: 2.3.1

  which@2.0.2:
    dependencies:
      isexe: 2.0.0

  word-wrap@1.2.5: {}

  yaml@2.9.0: {}

  yocto-queue@0.1.0: {}
